
Microsoft Visual Studio Solution File, Format Version 12.00
# Visual Studio 15
VisualStudioVersion = 15.0.26730.12
MinimumVisualStudioVersion = 10.0.40219.1
Project("{FAE04EC0-301F-11D3-BF4B-00C04F79EFBC}") = "Calculator", "Calculator\Calculator.csproj", "{9674F800-6811-44C9-A71A-527266B29AEE}"
EndProject
Global
	GlobalSection(SolutionConfigurationPlatforms) = preSolution
		Debug|Any CPU = Debug|Any CPU
		Release|Any CPU = Release|Any CPU
	EndGlobalSection
	GlobalSection(ProjectConfigurationPlatforms) = postSolution
		{9674F800-6811-44C9-A71A-527266B29AEE}.Debug|Any CPU.ActiveCfg = Debug|Any CPU
		{9674F800-6811-44C9-A71A-527266B29AEE}.Debug|Any CPU.Build.0 = Debug|Any CPU
		{9674F800-6811-44C9-A71A-527266B29AEE}.Release|Any CPU.ActiveCfg = Release|Any CPU
		{9674F800-6811-44C9-A71A-527266B29AEE}.Release|Any CPU.Build.0 = Release|Any CPU
	EndGlobalSection
	GlobalSection(SolutionProperties) = preSolution
		HideSolutionNode = FALSE
	EndGlobalSection
	GlobalSection(ExtensibilityGlobals) = postSolution
		SolutionGuid = {CB657341-4751-4FE3-AFB1-76813190EA29}
	EndGlobalSection
EndGlobal
